// !$*UTF8*$!
{
	archiveVersion = 1;
	classes = {
	};
	objectVersion = 48;
	objects = {

/* Begin PBXBuildFile section */
		C2A90B0B6018CCA6E90F3FA4 /* Pods_WeatherGift.framework in Frameworks */ = {isa = PBXBuildFile; fileRef = 0AF10AE087D3D3F2CE068192 /* Pods_WeatherGift.framework */; };
		F12F22F2206AC94E00775B0F /* WeatherDetail.swift in Sources */ = {isa = PBXBuildFile; fileRef = F12F22F1206AC94E00775B0F /* WeatherDetail.swift */; };
		F16C8106205AE0AC00E6D0C8 /* DetailVC.swift in Sources */ = {isa = PBXBuildFile; fileRef = F16C8105205AE0AC00E6D0C8 /* DetailVC.swift */; };
		F1937A772074021B0078E7B0 /* TimeInterval+format.swift in Sources */ = {isa = PBXBuildFile; fileRef = F1937A762074021B0078E7B0 /* TimeInterval+format.swift */; };
		F19AFE60206BE2F400E342BA /* Constants.swift in Sources */ = {isa = PBXBuildFile; fileRef = F19AFE5F206BE2F400E342BA /* Constants.swift */; };
		F1C77F9D205B596500E0E96E /* ListVC.swift in Sources */ = {isa = PBXBuildFile; fileRef = F1C77F9C205B596500E0E96E /* ListVC.swift */; };
		F1C77F9F205B5EB500E0E96E /* PageVC.swift in Sources */ = {isa = PBXBuildFile; fileRef = F1C77F9E205B5EB500E0E96E /* PageVC.swift */; };
		F1E495FA207EBE2800BE929F /* HourlyWeatherCell.swift in Sources */ = {isa = PBXBuildFile; fileRef = F1E495F9207EBE2800BE929F /* HourlyWeatherCell.swift */; };
		F1E495FC207ECE3800BE929F /* WeatherLocation.swift in Sources */ = {isa = PBXBuildFile; fileRef = F1E495FB207ECE3800BE929F /* WeatherLocation.swift */; };
		F1EC66D4205ADEAA0056179A /* AppDelegate.swift in Sources */ = {isa = PBXBuildFile; fileRef = F1EC66D3205ADEAA0056179A /* AppDelegate.swift */; };
		F1EC66D9205ADEAA0056179A /* Main.storyboard in Resources */ = {isa = PBXBuildFile; fileRef = F1EC66D7205ADEAA0056179A /* Main.storyboard */; };
		F1EC66DB205ADEAA0056179A /* Assets.xcassets in Resources */ = {isa = PBXBuildFile; fileRef = F1EC66DA205ADEAA0056179A /* Assets.xcassets */; };
		F1EC66DE205ADEAA0056179A /* LaunchScreen.storyboard in Resources */ = {isa = PBXBuildFile; fileRef = F1EC66DC205ADEAA0056179A /* LaunchScreen.storyboard */; };
		F1F9501E208159270020AFE8 /* AboutVC.swift in Sources */ = {isa = PBXBuildFile; fileRef = F1F9501D208159270020AFE8 /* AboutVC.swift */; };
		F1FF4CF02072894600E171D8 /* DayWeatherCell.swift in Sources */ = {isa = PBXBuildFile; fileRef = F1FF4CEF2072894600E171D8 /* DayWeatherCell.swift */; };
/* End PBXBuildFile section */

/* Begin PBXFileReference section */
		0AF10AE087D3D3F2CE068192 /* Pods_WeatherGift.framework */ = {isa = PBXFileReference; explicitFileType = wrapper.framework; includeInIndex = 0; path = Pods_WeatherGift.framework; sourceTree = BUILT_PRODUCTS_DIR; };
		5F3D4FC5D6D4D89192F86861 /* Pods-WeatherGift.debug.xcconfig */ = {isa = PBXFileReference; includeInIndex = 1; lastKnownFileType = text.xcconfig; name = "Pods-WeatherGift.debug.xcconfig"; path = "Pods/Target Support Files/Pods-WeatherGift/Pods-WeatherGift.debug.xcconfig"; sourceTree = "<group>"; };
		AC18D44D2FDB25616D522E3F /* Pods-WeatherGift.release.xcconfig */ = {isa = PBXFileReference; includeInIndex = 1; lastKnownFileType = text.xcconfig; name = "Pods-WeatherGift.release.xcconfig"; path = "Pods/Target Support Files/Pods-WeatherGift/Pods-WeatherGift.release.xcconfig"; sourceTree = "<group>"; };
		F12F22F1206AC94E00775B0F /* WeatherDetail.swift */ = {isa = PBXFileReference; lastKnownFileType = sourcecode.swift; path = WeatherDetail.swift; sourceTree = "<group>"; };
		F16C8105205AE0AC00E6D0C8 /* DetailVC.swift */ = {isa = PBXFileReference; lastKnownFileType = sourcecode.swift; path = DetailVC.swift; sourceTree = "<group>"; };
		F1937A762074021B0078E7B0 /* TimeInterval+format.swift */ = {isa = PBXFileReference; lastKnownFileType = sourcecode.swift; path = "TimeInterval+format.swift"; sourceTree = "<group>"; };
		F19AFE5F206BE2F400E342BA /* Constants.swift */ = {isa = PBXFileReference; lastKnownFileType = sourcecode.swift; path = Constants.swift; sourceTree = "<group>"; };
		F1C77F9C205B596500E0E96E /* ListVC.swift */ = {isa = PBXFileReference; lastKnownFileType = sourcecode.swift; path = ListVC.swift; sourceTree = "<group>"; };
		F1C77F9E205B5EB500E0E96E /* PageVC.swift */ = {isa = PBXFileReference; lastKnownFileType = sourcecode.swift; path = PageVC.swift; sourceTree = "<group>"; };
		F1E495F9207EBE2800BE929F /* HourlyWeatherCell.swift */ = {isa = PBXFileReference; lastKnownFileType = sourcecode.swift; path = HourlyWeatherCell.swift; sourceTree = "<group>"; };
		F1E495FB207ECE3800BE929F /* WeatherLocation.swift */ = {isa = PBXFileReference; lastKnownFileType = sourcecode.swift; path = WeatherLocation.swift; sourceTree = "<group>"; };
		F1EC66D0205ADEAA0056179A /* WeatherGift.app */ = {isa = PBXFileReference; explicitFileType = wrapper.application; includeInIndex = 0; path = WeatherGift.app; sourceTree = BUILT_PRODUCTS_DIR; };
		F1EC66D3205ADEAA0056179A /* AppDelegate.swift */ = {isa = PBXFileReference; lastKnownFileType = sourcecode.swift; path = AppDelegate.swift; sourceTree = "<group>"; };
		F1EC66D8205ADEAA0056179A /* Base */ = {isa = PBXFileReference; lastKnownFileType = file.storyboard; name = Base; path = Base.lproj/Main.storyboard; sourceTree = "<group>"; };
		F1EC66DA205ADEAA0056179A /* Assets.xcassets */ = {isa = PBXFileReference; lastKnownFileType = folder.assetcatalog; path = Assets.xcassets; sourceTree = "<group>"; };
		F1EC66DD205ADEAA0056179A /* Base */ = {isa = PBXFileReference; lastKnownFileType = file.storyboard; name = Base; path = Base.lproj/LaunchScreen.storyboard; sourceTree = "<group>"; };
		F1EC66DF205ADEAA0056179A /* Info.plist */ = {isa = PBXFileReference; lastKnownFileType = text.plist.xml; path = Info.plist; sourceTree = "<group>"; };
		F1F9501D208159270020AFE8 /* AboutVC.swift */ = {isa = PBXFileReference; lastKnownFileType = sourcecode.swift; path = AboutVC.swift; sourceTree = "<group>"; };
		F1FF4CEF2072894600E171D8 /* DayWeatherCell.swift */ = {isa = PBXFileReference; lastKnownFileType = sourcecode.swift; path = DayWeatherCell.swift; sourceTree = "<group>"; };
/* End PBXFileReference section */

/* Begin PBXFrameworksBuildPhase section */
		F1EC66CD205ADEAA0056179A /* Frameworks */ = {
			isa = PBXFrameworksBuildPhase;
			buildActionMask = 2147483647;
			files = (
				C2A90B0B6018CCA6E90F3FA4 /* Pods_WeatherGift.framework in Frameworks */,
			);
			runOnlyForDeploymentPostprocessing = 0;
		};
/* End PBXFrameworksBuildPhase section */

/* Begin PBXGroup section */
		1C0C103DE624CF018BDC56FB /* Frameworks */ = {
			isa = PBXGroup;
			children = (
				0AF10AE087D3D3F2CE068192 /* Pods_WeatherGift.framework */,
			);
			name = Frameworks;
			sourceTree = "<group>";
		};
		81F03509CC23269750222F91 /* Pods */ = {
			isa = PBXGroup;
			children = (
				5F3D4FC5D6D4D89192F86861 /* Pods-WeatherGift.debug.xcconfig */,
				AC18D44D2FDB25616D522E3F /* Pods-WeatherGift.release.xcconfig */,
			);
			name = Pods;
			sourceTree = "<group>";
		};
		F1EC66C7205ADEAA0056179A = {
			isa = PBXGroup;
			children = (
				F1EC66D2205ADEAA0056179A /* WeatherGift */,
				F1EC66D1205ADEAA0056179A /* Products */,
				81F03509CC23269750222F91 /* Pods */,
				1C0C103DE624CF018BDC56FB /* Frameworks */,
			);
			sourceTree = "<group>";
		};
		F1EC66D1205ADEAA0056179A /* Products */ = {
			isa = PBXGroup;
			children = (
				F1EC66D0205ADEAA0056179A /* WeatherGift.app */,
			);
			name = Products;
			sourceTree = "<group>";
		};
		F1EC66D2205ADEAA0056179A /* WeatherGift */ = {
			isa = PBXGroup;
			children = (
				F1EC66D3205ADEAA0056179A /* AppDelegate.swift */,
				F1E495FB207ECE3800BE929F /* WeatherLocation.swift */,
				F16C8105205AE0AC00E6D0C8 /* DetailVC.swift */,
				F1C77F9C205B596500E0E96E /* ListVC.swift */,
				F1C77F9E205B5EB500E0E96E /* PageVC.swift */,
				F19AFE5F206BE2F400E342BA /* Constants.swift */,
				F12F22F1206AC94E00775B0F /* WeatherDetail.swift */,
				F1FF4CEF2072894600E171D8 /* DayWeatherCell.swift */,
				F1E495F9207EBE2800BE929F /* HourlyWeatherCell.swift */,
				F1937A762074021B0078E7B0 /* TimeInterval+format.swift */,
				F1F9501D208159270020AFE8 /* AboutVC.swift */,
				F1EC66D7205ADEAA0056179A /* Main.storyboard */,
				F1EC66DA205ADEAA0056179A /* Assets.xcassets */,
				F1EC66DC205ADEAA0056179A /* LaunchScreen.storyboard */,
				F1EC66DF205ADEAA0056179A /* Info.plist */,
			);
			path = WeatherGift;
			sourceTree = "<group>";
		};
/* End PBXGroup section */

/* Begin PBXNativeTarget section */
		F1EC66CF205ADEAA0056179A /* WeatherGift */ = {
			isa = PBXNativeTarget;
			buildConfigurationList = F1EC66E2205ADEAA0056179A /* Build configuration list for PBXNativeTarget "WeatherGift" */;
			buildPhases = (
				89263115DAA937F8274E709C /* [CP] Check Pods Manifest.lock */,
				F1EC66CC205ADEAA0056179A /* Sources */,
				F1EC66CD205ADEAA0056179A /* Frameworks */,
				F1EC66CE205ADEAA0056179A /* Resources */,
				CC76B3BBBF49FDE18712CC03 /* [CP] Embed Pods Frameworks */,
				E31B032BE99F72EA91E5CEFD /* [CP] Copy Pods Resources */,
			);
			buildRules = (
			);
			dependencies = (
			);
			name = WeatherGift;
			productName = WeatherGift;
			productReference = F1EC66D0205ADEAA0056179A /* WeatherGift.app */;
			productType = "com.apple.product-type.application";
		};
/* End PBXNativeTarget section */

/* Begin PBXProject section */
		F1EC66C8205ADEAA0056179A /* Project object */ = {
			isa = PBXProject;
			attributes = {
				LastSwiftUpdateCheck = 0920;
				LastUpgradeCheck = 0930;
				ORGANIZATIONNAME = Wu;
				TargetAttributes = {
					F1EC66CF205ADEAA0056179A = {
						CreatedOnToolsVersion = 9.2;
						ProvisioningStyle = Automatic;
					};
				};
			};
			buildConfigurationList = F1EC66CB205ADEAA0056179A /* Build configuration list for PBXProject "WeatherGift" */;
			compatibilityVersion = "Xcode 8.0";
			developmentRegion = en;
			hasScannedForEncodings = 0;
			knownRegions = (
				en,
				Base,
			);
			mainGroup = F1EC66C7205ADEAA0056179A;
			productRefGroup = F1EC66D1205ADEAA0056179A /* Products */;
			projectDirPath = "";
			projectRoot = "";
			targets = (
				F1EC66CF205ADEAA0056179A /* WeatherGift */,
			);
		};
/* End PBXProject section */

/* Begin PBXResourcesBuildPhase section */
		F1EC66CE205ADEAA0056179A /* Resources */ = {
			isa = PBXResourcesBuildPhase;
			buildActionMask = 2147483647;
			files = (
				F1EC66DE205ADEAA0056179A /* LaunchScreen.storyboard in Resources */,
				F1EC66DB205ADEAA0056179A /* Assets.xcassets in Resources */,
				F1EC66D9205ADEAA0056179A /* Main.storyboard in Resources */,
			);
			runOnlyForDeploymentPostprocessing = 0;
		};
/* End PBXResourcesBuildPhase section */

/* Begin PBXShellScriptBuildPhase section */
		89263115DAA937F8274E709C /* [CP] Check Pods Manifest.lock */ = {
			isa = PBXShellScriptBuildPhase;
			buildActionMask = 2147483647;
			files = (
			);
			inputPaths = (
				"${PODS_PODFILE_DIR_PATH}/Podfile.lock",
				"${PODS_ROOT}/Manifest.lock",
			);
			name = "[CP] Check Pods Manifest.lock";
			outputPaths = (
				"$(DERIVED_FILE_DIR)/Pods-WeatherGift-checkManifestLockResult.txt",
			);
			runOnlyForDeploymentPostprocessing = 0;
			shellPath = /bin/sh;
			shellScript = "diff \"${PODS_PODFILE_DIR_PATH}/Podfile.lock\" \"${PODS_ROOT}/Manifest.lock\" > /dev/null\nif [ $? != 0 ] ; then\n    # print error to STDERR\n    echo \"error: The sandbox is not in sync with the Podfile.lock. Run 'pod install' or update your CocoaPods installation.\" >&2\n    exit 1\nfi\n# This output is used by Xcode 'outputs' to avoid re-running this script phase.\necho \"SUCCESS\" > \"${SCRIPT_OUTPUT_FILE_0}\"\n";
			showEnvVarsInLog = 0;
		};
		CC76B3BBBF49FDE18712CC03 /* [CP] Embed Pods Frameworks */ = {
			isa = PBXShellScriptBuildPhase;
			buildActionMask = 2147483647;
			files = (
			);
			inputPaths = (
				"${SRCROOT}/Pods/Target Support Files/Pods-WeatherGift/Pods-WeatherGift-frameworks.sh",
				"${BUILT_PRODUCTS_DIR}/Alamofire/Alamofire.framework",
				"${BUILT_PRODUCTS_DIR}/SwiftyJSON/SwiftyJSON.framework",
			);
			name = "[CP] Embed Pods Frameworks";
			outputPaths = (
				"${TARGET_BUILD_DIR}/${FRAMEWORKS_FOLDER_PATH}/Alamofire.framework",
				"${TARGET_BUILD_DIR}/${FRAMEWORKS_FOLDER_PATH}/SwiftyJSON.framework",
			);
			runOnlyForDeploymentPostprocessing = 0;
			shellPath = /bin/sh;
			shellScript = "\"${SRCROOT}/Pods/Target Support Files/Pods-WeatherGift/Pods-WeatherGift-frameworks.sh\"\n";
			showEnvVarsInLog = 0;
		};
		E31B032BE99F72EA91E5CEFD /* [CP] Copy Pods Resources */ = {
			isa = PBXShellScriptBuildPhase;
			buildActionMask = 2147483647;
			files = (
			);
			inputPaths = (
				"${SRCROOT}/Pods/Target Support Files/Pods-WeatherGift/Pods-WeatherGift-resources.sh",
				"${PODS_ROOT}/GoogleMaps/Maps/Frameworks/GoogleMaps.framework/Resources/GoogleMaps.bundle",
				"${PODS_ROOT}/GooglePlacePicker/Frameworks/GooglePlacePicker.framework/Resources/GooglePlacePicker.bundle",
				"${PODS_ROOT}/GooglePlaces/Frameworks/GooglePlaces.framework/Resources/GooglePlaces.bundle",
			);
			name = "[CP] Copy Pods Resources";
			outputPaths = (
				"${TARGET_BUILD_DIR}/${UNLOCALIZED_RESOURCES_FOLDER_PATH}/GoogleMaps.bundle",
				"${TARGET_BUILD_DIR}/${UNLOCALIZED_RESOURCES_FOLDER_PATH}/GooglePlacePicker.bundle",
				"${TARGET_BUILD_DIR}/${UNLOCALIZED_RESOURCES_FOLDER_PATH}/GooglePlaces.bundle",
			);
			runOnlyForDeploymentPostprocessing = 0;
			shellPath = /bin/sh;
			shellScript = "\"${SRCROOT}/Pods/Target Support Files/Pods-WeatherGift/Pods-WeatherGift-resources.sh\"\n";
			showEnvVarsInLog = 0;
		};
/* End PBXShellScriptBuildPhase section */

/* Begin PBXSourcesBuildPhase section */
		F1EC66CC205ADEAA0056179A /* Sources */ = {
			isa = PBXSourcesBuildPhase;
			buildActionMask = 2147483647;
			files = (
				F1FF4CF02072894600E171D8 /* DayWeatherCell.swift in Sources */,
				F1E495FA207EBE2800BE929F /* HourlyWeatherCell.swift in Sources */,
				F12F22F2206AC94E00775B0F /* WeatherDetail.swift in Sources */,
				F1C77F9D205B596500E0E96E /* ListVC.swift in Sources */,
				F1C77F9F205B5EB500E0E96E /* PageVC.swift in Sources */,
				F1E495FC207ECE3800BE929F /* WeatherLocation.swift in Sources */,
				F1937A772074021B0078E7B0 /* TimeInterval+format.swift in Sources */,
				F1EC66D4205ADEAA0056179A /* AppDelegate.swift in Sources */,
				F16C8106205AE0AC00E6D0C8 /* DetailVC.swift in Sources */,
				F1F9501E208159270020AFE8 /* AboutVC.swift in Sources */,
				F19AFE60206BE2F400E342BA /* Constants.swift in Sources */,
			);
			runOnlyForDeploymentPostprocessing = 0;
		};
/* End PBXSourcesBuildPhase section */

/* Begin PBXVariantGroup section */
		F1EC66D7205ADEAA0056179A /* Main.storyboard */ = {
			isa = PBXVariantGroup;
			children = (
				F1EC66D8205ADEAA0056179A /* Base */,
			);
			name = Main.storyboard;
			sourceTree = "<group>";
		};
		F1EC66DC205ADEAA0056179A /* LaunchScreen.storyboard */ = {
			isa = PBXVariantGroup;
			children = (
				F1EC66DD205ADEAA0056179A /* Base */,
			);
			name = LaunchScreen.storyboard;
			sourceTree = "<group>";
		};
/* End PBXVariantGroup section */

/* Begin XCBuildConfiguration section */
		F1EC66E0205ADEAA0056179A /* Debug */ = {
			isa = XCBuildConfiguration;
			buildSettings = {
				ALWAYS_SEARCH_USER_PATHS = NO;
				CLANG_ANALYZER_NONNULL = YES;
				CLANG_ANALYZER_NUMBER_OBJECT_CONVERSION = YES_AGGRESSIVE;
				CLANG_CXX_LANGUAGE_STANDARD = "gnu++14";
				CLANG_CXX_LIBRARY = "libc++";
				CLANG_ENABLE_MODULES = YES;
				CLANG_ENABLE_OBJC_ARC = YES;
				CLANG_WARN_BLOCK_CAPTURE_AUTORELEASING = YES;
				CLANG_WARN_BOOL_CONVERSION = YES;
				CLANG_WARN_COMMA = YES;
				CLANG_WARN_CONSTANT_CONVERSION = YES;
				CLANG_WARN_DEPRECATED_OBJC_IMPLEMENTATIONS = YES;
				CLANG_WARN_DIRECT_OBJC_ISA_USAGE = YES_ERROR;
				CLANG_WARN_DOCUMENTATION_COMMENTS = YES;
				CLANG_WARN_EMPTY_BODY = YES;
				CLANG_WARN_ENUM_CONVERSION = YES;
				CLANG_WARN_INFINITE_RECURSION = YES;
				CLANG_WARN_INT_CONVERSION = YES;
				CLANG_WARN_NON_LITERAL_NULL_CONVERSION = YES;
				CLANG_WARN_OBJC_IMPLICIT_RETAIN_SELF = YES;
				CLANG_WARN_OBJC_LITERAL_CONVERSION = YES;
				CLANG_WARN_OBJC_ROOT_CLASS = YES_ERROR;
				CLANG_WARN_RANGE_LOOP_ANALYSIS = YES;
				CLANG_WARN_STRICT_PROTOTYPES = YES;
				CLANG_WARN_SUSPICIOUS_MOVE = YES;
				CLANG_WARN_UNGUARDED_AVAILABILITY = YES_AGGRESSIVE;
				CLANG_WARN_UNREACHABLE_CODE = YES;
				CLANG_WARN__DUPLICATE_METHOD_MATCH = YES;
				CODE_SIGN_IDENTITY = "iPhone Developer";
				COPY_PHASE_STRIP = NO;
				DEBUG_INFORMATION_FORMAT = dwarf;
				ENABLE_STRICT_OBJC_MSGSEND = YES;
				ENABLE_TESTABILITY = YES;
				GCC_C_LANGUAGE_STANDARD = gnu11;
				GCC_DYNAMIC_NO_PIC = NO;
				GCC_NO_COMMON_BLOCKS = YES;
				GCC_OPTIMIZATION_LEVEL = 0;
				GCC_PREPROCESSOR_DEFINITIONS = (
					"DEBUG=1",
					"$(inherited)",
				);
				GCC_WARN_64_TO_32_BIT_CONVERSION = YES;
				GCC_WARN_ABOUT_RETURN_TYPE = YES_ERROR;
				GCC_WARN_UNDECLARED_SELECTOR = YES;
				GCC_WARN_UNINITIALIZED_AUTOS = YES_AGGRESSIVE;
				GCC_WARN_UNUSED_FUNCTION = YES;
				GCC_WARN_UNUSED_VARIABLE = YES;
				IPHONEOS_DEPLOYMENT_TARGET = 11.2;
				MTL_ENABLE_DEBUG_INFO = YES;
				ONLY_ACTIVE_ARCH = YES;
				SDKROOT = iphoneos;
				SWIFT_ACTIVE_COMPILATION_CONDITIONS = DEBUG;
				SWIFT_OPTIMIZATION_LEVEL = "-Onone";
			};
			name = Debug;
		};
		F1EC66E1205ADEAA0056179A /* Release */ = {
			isa = XCBuildConfiguration;
			buildSettings = {
				ALWAYS_SEARCH_USER_PATHS = NO;
				CLANG_ANALYZER_NONNULL = YES;
				CLANG_ANALYZER_NUMBER_OBJECT_CONVERSION = YES_AGGRESSIVE;
				CLANG_CXX_LANGUAGE_STANDARD = "gnu++14";
				CLANG_CXX_LIBRARY = "libc++";
				CLANG_ENABLE_MODULES = YES;
				CLANG_ENABLE_OBJC_ARC = YES;
				CLANG_WARN_BLOCK_CAPTURE_AUTORELEASING = YES;
				CLANG_WARN_BOOL_CONVERSION = YES;
				CLANG_WARN_COMMA = YES;
				CLANG_WARN_CONSTANT_CONVERSION = YES;
				CLANG_WARN_DEPRECATED_OBJC_IMPLEMENTATIONS = YES;
				CLANG_WARN_DIRECT_OBJC_ISA_USAGE = YES_ERROR;
				CLANG_WARN_DOCUMENTATION_COMMENTS = YES;
				CLANG_WARN_EMPTY_BODY = YES;
				CLANG_WARN_ENUM_CONVERSION = YES;
				CLANG_WARN_INFINITE_RECURSION = YES;
				CLANG_WARN_INT_CONVERSION = YES;
				CLANG_WARN_NON_LITERAL_NULL_CONVERSION = YES;
				CLANG_WARN_OBJC_IMPLICIT_RETAIN_SELF = YES;
				CLANG_WARN_OBJC_LITERAL_CONVERSION = YES;
				CLANG_WARN_OBJC_ROOT_CLASS = YES_ERROR;
				CLANG_WARN_RANGE_LOOP_ANALYSIS = YES;
				CLANG_WARN_STRICT_PROTOTYPES = YES;
				CLANG_WARN_SUSPICIOUS_MOVE = YES;
				CLANG_WARN_UNGUARDED_AVAILABILITY = YES_AGGRESSIVE;
				CLANG_WARN_UNREACHABLE_CODE = YES;
				CLANG_WARN__DUPLICATE_METHOD_MATCH = YES;
				CODE_SIGN_IDENTITY = "iPhone Developer";
				COPY_PHASE_STRIP = NO;
				DEBUG_INFORMATION_FORMAT = "dwarf-with-dsym";
				ENABLE_NS_ASSERTIONS = NO;
				ENABLE_STRICT_OBJC_MSGSEND = YES;
				GCC_C_LANGUAGE_STANDARD = gnu11;
				GCC_NO_COMMON_BLOCKS = YES;
				GCC_WARN_64_TO_32_BIT_CONVERSION = YES;
				GCC_WARN_ABOUT_RETURN_TYPE = YES_ERROR;
				GCC_WARN_UNDECLARED_SELECTOR = YES;
				GCC_WARN_UNINITIALIZED_AUTOS = YES_AGGRESSIVE;
				GCC_WARN_UNUSED_FUNCTION = YES;
				GCC_WARN_UNUSED_VARIABLE = YES;
				IPHONEOS_DEPLOYMENT_TARGET = 11.2;
				MTL_ENABLE_DEBUG_INFO = NO;
				SDKROOT = iphoneos;
				SWIFT_OPTIMIZATION_LEVEL = "-Owholemodule";
				VALIDATE_PRODUCT = YES;
			};
			name = Release;
		};
		F1EC66E3205ADEAA0056179A /* Debug */ = {
			isa = XCBuildConfiguration;
			baseConfigurationReference = 5F3D4FC5D6D4D89192F86861 /* Pods-WeatherGift.debug.xcconfig */;
			buildSettings = {
				ASSETCATALOG_COMPILER_APPICON_NAME = AppIcon;
				CODE_SIGN_STYLE = Automatic;
				DEVELOPMENT_TEAM = DEYCD5ZM5C;
				INFOPLIST_FILE = WeatherGift/Info.plist;
				LD_RUNPATH_SEARCH_PATHS = "$(inherited) @executable_path/Frameworks";
				PRODUCT_BUNDLE_IDENTIFIER = com.wu.WeatherGift;
				PRODUCT_NAME = "$(TARGET_NAME)";
				SWIFT_VERSION = 4.0;
				TARGETED_DEVICE_FAMILY = "1,2";
			};
			name = Debug;
		};
		F1EC66E4205ADEAA0056179A /* Release */ = {
			isa = XCBuildConfiguration;
			baseConfigurationReference = AC18D44D2FDB25616D522E3F /* Pods-WeatherGift.release.xcconfig */;
			buildSettings = {
				ASSETCATALOG_COMPILER_APPICON_NAME = AppIcon;
				CODE_SIGN_STYLE = Automatic;
				DEVELOPMENT_TEAM = DEYCD5ZM5C;
				INFOPLIST_FILE = WeatherGift/Info.plist;
				LD_RUNPATH_SEARCH_PATHS = "$(inherited) @executable_path/Frameworks";
				PRODUCT_BUNDLE_IDENTIFIER = com.wu.WeatherGift;
				PRODUCT_NAME = "$(TARGET_NAME)";
				SWIFT_VERSION = 4.0;
				TARGETED_DEVICE_FAMILY = "1,2";
			};
			name = Release;
		};
/* End XCBuildConfiguration section */

/* Begin XCConfigurationList section */
		F1EC66CB205ADEAA0056179A /* Build configuration list for PBXProject "WeatherGift" */ = {
			isa = XCConfigurationList;
			buildConfigurations = (
				F1EC66E0205ADEAA0056179A /* Debug */,
				F1EC66E1205ADEAA0056179A /* Release */,
			);
			defaultConfigurationIsVisible = 0;
			defaultConfigurationName = Release;
		};
		F1EC66E2205ADEAA0056179A /* Build configuration list for PBXNativeTarget "WeatherGift" */ = {
			isa = XCConfigurationList;
			buildConfigurations = (
				F1EC66E3205ADEAA0056179A /* Debug */,
				F1EC66E4205ADEAA0056179A /* Release */,
			);
			defaultConfigurationIsVisible = 0;
			defaultConfigurationName = Release;
		};
/* End XCConfigurationList section */
	};
	rootObject = F1EC66C8205ADEAA0056179A /* Project object */;
}
